
Microsoft Visual Studio Solution File, Format Version 12.00
# Visual Studio 15
VisualStudioVersion = 15.0.25807.0
MinimumVisualStudioVersion = 10.0.40219.1
Project("{2150E333-8FDC-42A3-9474-1A3956D46DE8}") = "Engine", "Engine", "{6F793CE7-AC53-411E-9CE5-56735C40ADCD}"
EndProject
Project("{2150E333-8FDC-42A3-9474-1A3956D46DE8}") = "Games", "Games", "{C823B147-9519-44B8-A70C-EE77DCC04841}"
EndProject
Project("{8BC9CEB8-8B4A-11D0-8D11-00A0C91BC942}") = "UE4", "Intermediate\ProjectFiles\UE4.vcxproj", "{CFE56B0E-10B4-4C1A-8CE6-473FF4A674D0}"
EndProject
Project("{8BC9CEB8-8B4A-11D0-8D11-00A0C91BC942}") = "BuildingEscape", "Intermediate\ProjectFiles\BuildingEscape.vcxproj", "{454CDA8F-83E4-402E-9ADE-EDCF35B783BE}"
EndProject
Global
	GlobalSection(SolutionConfigurationPlatforms) = preSolution
		DebugGame Editor|HTML5 = DebugGame Editor|HTML5
		DebugGame Editor|Win32 = DebugGame Editor|Win32
		DebugGame Editor|Win64 = DebugGame Editor|Win64
		DebugGame|HTML5 = DebugGame|HTML5
		DebugGame|Win32 = DebugGame|Win32
		DebugGame|Win64 = DebugGame|Win64
		Development Editor|HTML5 = Development Editor|HTML5
		Development Editor|Win32 = Development Editor|Win32
		Development Editor|Win64 = Development Editor|Win64
		Development|HTML5 = Development|HTML5
		Development|Win32 = Development|Win32
		Development|Win64 = Development|Win64
		Shipping|HTML5 = Shipping|HTML5
		Shipping|Win32 = Shipping|Win32
		Shipping|Win64 = Shipping|Win64
	EndGlobalSection
	GlobalSection(ProjectConfigurationPlatforms) = postSolution
		{CFE56B0E-10B4-4C1A-8CE6-473FF4A674D0}.DebugGame Editor|HTML5.ActiveCfg = BuiltWithUnrealBuildTool|Win32
		{CFE56B0E-10B4-4C1A-8CE6-473FF4A674D0}.DebugGame Editor|HTML5.Build.0 = BuiltWithUnrealBuildTool|Win32
		{CFE56B0E-10B4-4C1A-8CE6-473FF4A674D0}.DebugGame Editor|Win32.ActiveCfg = BuiltWithUnrealBuildTool|Win32
		{CFE56B0E-10B4-4C1A-8CE6-473FF4A674D0}.DebugGame Editor|Win32.Build.0 = BuiltWithUnrealBuildTool|Win32
		{CFE56B0E-10B4-4C1A-8CE6-473FF4A674D0}.DebugGame Editor|Win64.ActiveCfg = BuiltWithUnrealBuildTool|Win32
		{CFE56B0E-10B4-4C1A-8CE6-473FF4A674D0}.DebugGame Editor|Win64.Build.0 = BuiltWithUnrealBuildTool|Win32
		{CFE56B0E-10B4-4C1A-8CE6-473FF4A674D0}.DebugGame|HTML5.ActiveCfg = BuiltWithUnrealBuildTool|Win32
		{CFE56B0E-10B4-4C1A-8CE6-473FF4A674D0}.DebugGame|HTML5.Build.0 = BuiltWithUnrealBuildTool|Win32
		{CFE56B0E-10B4-4C1A-8CE6-473FF4A674D0}.DebugGame|Win32.ActiveCfg = BuiltWithUnrealBuildTool|Win32
		{CFE56B0E-10B4-4C1A-8CE6-473FF4A674D0}.DebugGame|Win32.Build.0 = BuiltWithUnrealBuildTool|Win32
		{CFE56B0E-10B4-4C1A-8CE6-473FF4A674D0}.DebugGame|Win64.ActiveCfg = BuiltWithUnrealBuildTool|Win32
		{CFE56B0E-10B4-4C1A-8CE6-473FF4A674D0}.DebugGame|Win64.Build.0 = BuiltWithUnrealBuildTool|Win32
		{CFE56B0E-10B4-4C1A-8CE6-473FF4A674D0}.Development Editor|HTML5.ActiveCfg = BuiltWithUnrealBuildTool|Win32
		{CFE56B0E-10B4-4C1A-8CE6-473FF4A674D0}.Development Editor|HTML5.Build.0 = BuiltWithUnrealBuildTool|Win32
		{CFE56B0E-10B4-4C1A-8CE6-473FF4A674D0}.Development Editor|Win32.ActiveCfg = BuiltWithUnrealBuildTool|Win32
		{CFE56B0E-10B4-4C1A-8CE6-473FF4A674D0}.Development Editor|Win32.Build.0 = BuiltWithUnrealBuildTool|Win32
		{CFE56B0E-10B4-4C1A-8CE6-473FF4A674D0}.Development Editor|Win64.ActiveCfg = BuiltWithUnrealBuildTool|Win32
		{CFE56B0E-10B4-4C1A-8CE6-473FF4A674D0}.Development Editor|Win64.Build.0 = BuiltWithUnrealBuildTool|Win32
		{CFE56B0E-10B4-4C1A-8CE6-473FF4A674D0}.Development|HTML5.ActiveCfg = BuiltWithUnrealBuildTool|Win32
		{CFE56B0E-10B4-4C1A-8CE6-473FF4A674D0}.Development|HTML5.Build.0 = BuiltWithUnrealBuildTool|Win32
		{CFE56B0E-10B4-4C1A-8CE6-473FF4A674D0}.Development|Win32.ActiveCfg = BuiltWithUnrealBuildTool|Win32
		{CFE56B0E-10B4-4C1A-8CE6-473FF4A674D0}.Development|Win32.Build.0 = BuiltWithUnrealBuildTool|Win32
		{CFE56B0E-10B4-4C1A-8CE6-473FF4A674D0}.Development|Win64.ActiveCfg = BuiltWithUnrealBuildTool|Win32
		{CFE56B0E-10B4-4C1A-8CE6-473FF4A674D0}.Development|Win64.Build.0 = BuiltWithUnrealBuildTool|Win32
		{CFE56B0E-10B4-4C1A-8CE6-473FF4A674D0}.Shipping|HTML5.ActiveCfg = BuiltWithUnrealBuildTool|Win32
		{CFE56B0E-10B4-4C1A-8CE6-473FF4A674D0}.Shipping|HTML5.Build.0 = BuiltWithUnrealBuildTool|Win32
		{CFE56B0E-10B4-4C1A-8CE6-473FF4A674D0}.Shipping|Win32.ActiveCfg = BuiltWithUnrealBuildTool|Win32
		{CFE56B0E-10B4-4C1A-8CE6-473FF4A674D0}.Shipping|Win32.Build.0 = BuiltWithUnrealBuildTool|Win32
		{CFE56B0E-10B4-4C1A-8CE6-473FF4A674D0}.Shipping|Win64.ActiveCfg = BuiltWithUnrealBuildTool|Win32
		{CFE56B0E-10B4-4C1A-8CE6-473FF4A674D0}.Shipping|Win64.Build.0 = BuiltWithUnrealBuildTool|Win32
		{454CDA8F-83E4-402E-9ADE-EDCF35B783BE}.DebugGame Editor|HTML5.ActiveCfg = HTML5_DebugGame_Editor|Win32
		{454CDA8F-83E4-402E-9ADE-EDCF35B783BE}.DebugGame Editor|Win32.ActiveCfg = DebugGame_Editor|Win32
		{454CDA8F-83E4-402E-9ADE-EDCF35B783BE}.DebugGame Editor|Win64.ActiveCfg = DebugGame_Editor|x64
		{454CDA8F-83E4-402E-9ADE-EDCF35B783BE}.DebugGame Editor|Win64.Build.0 = DebugGame_Editor|x64
		{454CDA8F-83E4-402E-9ADE-EDCF35B783BE}.DebugGame|HTML5.ActiveCfg = HTML5_DebugGame_Game|Win32
		{454CDA8F-83E4-402E-9ADE-EDCF35B783BE}.DebugGame|HTML5.Build.0 = HTML5_DebugGame_Game|Win32
		{454CDA8F-83E4-402E-9ADE-EDCF35B783BE}.DebugGame|Win32.ActiveCfg = DebugGame_Game|Win32
		{454CDA8F-83E4-402E-9ADE-EDCF35B783BE}.DebugGame|Win32.Build.0 = DebugGame_Game|Win32
		{454CDA8F-83E4-402E-9ADE-EDCF35B783BE}.DebugGame|Win64.ActiveCfg = DebugGame_Game|x64
		{454CDA8F-83E4-402E-9ADE-EDCF35B783BE}.DebugGame|Win64.Build.0 = DebugGame_Game|x64
		{454CDA8F-83E4-402E-9ADE-EDCF35B783BE}.Development Editor|HTML5.ActiveCfg = HTML5_Development_Editor|Win32
		{454CDA8F-83E4-402E-9ADE-EDCF35B783BE}.Development Editor|Win32.ActiveCfg = Development_Editor|Win32
		{454CDA8F-83E4-402E-9ADE-EDCF35B783BE}.Development Editor|Win64.ActiveCfg = Development_Editor|x64
		{454CDA8F-83E4-402E-9ADE-EDCF35B783BE}.Development Editor|Win64.Build.0 = Development_Editor|x64
		{454CDA8F-83E4-402E-9ADE-EDCF35B783BE}.Development|HTML5.ActiveCfg = HTML5_Development_Game|Win32
		{454CDA8F-83E4-402E-9ADE-EDCF35B783BE}.Development|HTML5.Build.0 = HTML5_Development_Game|Win32
		{454CDA8F-83E4-402E-9ADE-EDCF35B783BE}.Development|Win32.ActiveCfg = Development_Game|Win32
		{454CDA8F-83E4-402E-9ADE-EDCF35B783BE}.Development|Win32.Build.0 = Development_Game|Win32
		{454CDA8F-83E4-402E-9ADE-EDCF35B783BE}.Development|Win64.ActiveCfg = Development_Game|x64
		{454CDA8F-83E4-402E-9ADE-EDCF35B783BE}.Development|Win64.Build.0 = Development_Game|x64
		{454CDA8F-83E4-402E-9ADE-EDCF35B783BE}.Shipping|HTML5.ActiveCfg = HTML5_Shipping_Game|Win32
		{454CDA8F-83E4-402E-9ADE-EDCF35B783BE}.Shipping|HTML5.Build.0 = HTML5_Shipping_Game|Win32
		{454CDA8F-83E4-402E-9ADE-EDCF35B783BE}.Shipping|Win32.ActiveCfg = Shipping_Game|Win32
		{454CDA8F-83E4-402E-9ADE-EDCF35B783BE}.Shipping|Win32.Build.0 = Shipping_Game|Win32
		{454CDA8F-83E4-402E-9ADE-EDCF35B783BE}.Shipping|Win64.ActiveCfg = Shipping_Game|x64
		{454CDA8F-83E4-402E-9ADE-EDCF35B783BE}.Shipping|Win64.Build.0 = Shipping_Game|x64
	EndGlobalSection
	GlobalSection(SolutionProperties) = preSolution
		HideSolutionNode = FALSE
	EndGlobalSection
	GlobalSection(NestedProjects) = preSolution
		{CFE56B0E-10B4-4C1A-8CE6-473FF4A674D0} = {6F793CE7-AC53-411E-9CE5-56735C40ADCD}
		{454CDA8F-83E4-402E-9ADE-EDCF35B783BE} = {C823B147-9519-44B8-A70C-EE77DCC04841}
	EndGlobalSection
	GlobalSection(ExtensibilityGlobals) = postSolution
		SolutionGuid = {3280012F-2A4E-4371-8021-DE2A0C6277DD}
	EndGlobalSection
EndGlobal
